{
  "name": "rashi-search",
  "lockfileVersion": 3,
  "requires": true,
  "packages": {
    "": {
      "name": "rashi-search",
      "devDependencies": {
        "havarotjs": "0.25.4"
      }
    },
    "node_modules/havarotjs": {
      "version": "0.25.4",
      "resolved": "https://registry.npmjs.org/havarotjs/-/havarotjs-0.25.4.tgz",
      "integrity": "sha512-DKXQ3GGfNVQxkW2ZY8bYDbTh0GuOX3/hotRiVQCDTksY1k/M283oQjfgBgXg0vO4HvCLl2WDW7EfLWaKUH7S4Q==",
      "dev": true,
      "license": "MIT",
      "engines": {
        "node": ">=15.0.0"
      }
    }
  }
}
